
Microsoft Visual Studio Solution File, Format Version 12.00
# Visual Studio Version 17
VisualStudioVersion = 17.2.32630.192
MinimumVisualStudioVersion = 10.0.40219.1
Project("{FAE04EC0-301F-11D3-BF4B-00C04F79EFBC}") = "this-pc", "this-pc.csproj", "{CDEC0A0A-BDB2-4C01-8D95-1D76FF86EF31}"
EndProject
Global
	GlobalSection(SolutionConfigurationPlatforms) = preSolution
		Debug|Any CPU = Debug|Any CPU
		Release|Any CPU = Release|Any CPU
	EndGlobalSection
	GlobalSection(ProjectConfigurationPlatforms) = postSolution
		{CDEC0A0A-BDB2-4C01-8D95-1D76FF86EF31}.Debug|Any CPU.ActiveCfg = Debug|Any CPU
		{CDEC0A0A-BDB2-4C01-8D95-1D76FF86EF31}.Debug|Any CPU.Build.0 = Debug|Any CPU
		{CDEC0A0A-BDB2-4C01-8D95-1D76FF86EF31}.Release|Any CPU.ActiveCfg = Release|Any CPU
		{CDEC0A0A-BDB2-4C01-8D95-1D76FF86EF31}.Release|Any CPU.Build.0 = Release|Any CPU
	EndGlobalSection
	GlobalSection(SolutionProperties) = preSolution
		HideSolutionNode = FALSE
	EndGlobalSection
	GlobalSection(ExtensibilityGlobals) = postSolution
		SolutionGuid = {E9BA359B-913B-46C1-8D94-388AE8958732}
	EndGlobalSection
EndGlobal
